
Microsoft Visual Studio Solution File, Format Version 12.00
# Visual Studio Version 17
VisualStudioVersion = 17.14.36623.8
MinimumVisualStudioVersion = 10.0.40219.1
Project("{FAE04EC0-301F-11D3-BF4B-00C04F79EFBC}") = "ResQLink", "ResQLink.csproj", "{DDD1B585-CE33-4E53-A6A6-C7CEC859E225}"
EndProject
Global
	GlobalSection(SolutionConfigurationPlatforms) = preSolution
		Debug|Any CPU = Debug|Any CPU
		Release|Any CPU = Release|Any CPU
	EndGlobalSection
	GlobalSection(ProjectConfigurationPlatforms) = postSolution
		{DDD1B585-CE33-4E53-A6A6-C7CEC859E225}.Debug|Any CPU.ActiveCfg = Debug|Any CPU
		{DDD1B585-CE33-4E53-A6A6-C7CEC859E225}.Debug|Any CPU.Build.0 = Debug|Any CPU
		{DDD1B585-CE33-4E53-A6A6-C7CEC859E225}.Debug|Any CPU.Deploy.0 = Debug|Any CPU
		{DDD1B585-CE33-4E53-A6A6-C7CEC859E225}.Release|Any CPU.ActiveCfg = Release|Any CPU
		{DDD1B585-CE33-4E53-A6A6-C7CEC859E225}.Release|Any CPU.Build.0 = Release|Any CPU
	EndGlobalSection
	GlobalSection(SolutionProperties) = preSolution
		HideSolutionNode = FALSE
	EndGlobalSection
	GlobalSection(ExtensibilityGlobals) = postSolution
		SolutionGuid = {615D7650-3E11-4AD1-A65C-9510E87A98FF}
	EndGlobalSection
EndGlobal
